<?xml version="1.0" encoding="utf-8"?>
<Project ToolsVersion="4.0" xmlns="http://schemas.microsoft.com/developer/msbuild/2003">
  <ItemGroup>
    <Filter Include="Source Files">
      <UniqueIdentifier>{4FC737F1-C7A5-4376-A066-2A32D752A2FF}</UniqueIdentifier>
      <Extensions>cpp;c;cc;cxx;def;odl;idl;hpj;bat;asm;asmx</Extensions>
    </Filter>
    <Filter Include="Header Files">
      <UniqueIdentifier>{93995380-89BD-4b04-88EB-625FBE52EBFB}</UniqueIdentifier>
      <Extensions>h;hh;hpp;hxx;hm;inl;inc;xsd</Extensions>
    </Filter>
    <Filter Include="Resource Files">
      <UniqueIdentifier>{D9D6E242-F8AF-46E4-B9FD-80ECBC20BA3E}</UniqueIdentifier>
      <Extensions>qrc;*</Extensions>
      <ParseFiles>false</ParseFiles>
    </Filter>
    <Filter Include="Form Files">
      <UniqueIdentifier>{99349809-55BA-4b9d-BF79-8FDBB0286EB3}</UniqueIdentifier>
      <Extensions>ui</Extensions>
    </Filter>
    <Filter Include="Resource Files">
      <UniqueIdentifier>{D9D6E242-F8AF-46E4-B9FD-80ECBC20BA3E}</UniqueIdentifier>
      <Extensions>qrc;*</Extensions>
      <ParseFiles>false</ParseFiles>
    </Filter>
    <Filter Include="Generated Files">
      <UniqueIdentifier>{71ED8ED8-ACB9-4CE9-BBE1-E00B30144E11}</UniqueIdentifier>
      <Extensions>moc;h;cpp</Extensions>
      <SourceControlFiles>False</SourceControlFiles>
    </Filter>
  </ItemGroup>
  <ItemGroup>
    <ClCompile Include="main.cpp">
      <Filter>Source Files</Filter>
    </ClCompile>
    <ClCompile Include="SwitchWidgetCase.cpp">
      <Filter>Source Files</Filter>
    </ClCompile>
    <ClCompile Include="CustomSplash.cpp">
      <Filter>Source Files</Filter>
    </ClCompile>
    <ClCompile Include="CustomSplashWidget.cpp">
      <Filter>Source Files</Filter>
    </ClCompile>
    <ClCompile Include="SolverWidget.cpp">
      <Filter>Source Files</Filter>
    </ClCompile>
    <ClCompile Include="PingguWidget.cpp">
      <Filter>Source Files</Filter>
    </ClCompile>
    <ClCompile Include="QidongWidget.cpp">
      <Filter>Source Files</Filter>
    </ClCompile>
    <ClCompile Include="CustomButton.cpp">
      <Filter>Source Files</Filter>
    </ClCompile>
    <ClCompile Include="KuaiSuDanDaoWidget.cpp">
      <Filter>Source Files</Filter>
    </ClCompile>
    <ClCompile Include="ShiShiDanDaoWidget.cpp">
      <Filter>Source Files</Filter>
    </ClCompile>
    <ClCompile Include="AnQuanBianJieWidget.cpp">
      <Filter>Source Files</Filter>
    </ClCompile>
    <ClCompile Include="DanDaoShuWidget.cpp">
      <Filter>Source Files</Filter>
    </ClCompile>
    <ClCompile Include="QIDongShuJuWidget.cpp">
      <Filter>Source Files</Filter>
    </ClCompile>
  </ItemGroup>
  <ItemGroup>
    <QtMoc Include="SwitchWidgetCase.h">
      <Filter>Header Files</Filter>
    </QtMoc>
    <QtMoc Include="CustomSplash.h">
      <Filter>Header Files</Filter>
    </QtMoc>
    <QtMoc Include="CustomSplashWidget.h">
      <Filter>Header Files</Filter>
    </QtMoc>
    <QtMoc Include="SolverWidget.h">
      <Filter>Header Files</Filter>
    </QtMoc>
    <QtMoc Include="PingguWidget.h">
      <Filter>Header Files</Filter>
    </QtMoc>
    <QtMoc Include="QidongWidget.h">
      <Filter>Header Files</Filter>
    </QtMoc>
    <QtMoc Include="CustomButton.h">
      <Filter>Header Files</Filter>
    </QtMoc>
    <QtMoc Include="KuaiSuDanDaoWidget.h">
      <Filter>Header Files</Filter>
    </QtMoc>
    <QtMoc Include="ShiShiDanDaoWidget.h">
      <Filter>Header Files</Filter>
    </QtMoc>
    <QtMoc Include="AnQuanBianJieWidget.h">
      <Filter>Header Files</Filter>
    </QtMoc>
    <QtMoc Include="DanDaoShuWidget.h">
      <Filter>Header Files</Filter>
    </QtMoc>
    <QtMoc Include="QIDongShuJuWidget.h">
      <Filter>Header Files</Filter>
    </QtMoc>
  </ItemGroup>
  <ItemGroup>
    <QtUic Include="SwitchWidgetCase.ui">
      <Filter>Form Files</Filter>
    </QtUic>
    <QtUic Include="CustomSplash.ui">
      <Filter>Form Files</Filter>
    </QtUic>
    <QtUic Include="CustomSplashWidget.ui">
      <Filter>Form Files</Filter>
    </QtUic>
    <QtUic Include="SolverWidget.ui">
      <Filter>Form Files</Filter>
    </QtUic>
    <QtUic Include="PingguWidget.ui">
      <Filter>Form Files</Filter>
    </QtUic>
    <QtUic Include="QidongWidget.ui">
      <Filter>Form Files</Filter>
    </QtUic>
    <QtUic Include="CustomButton.ui">
      <Filter>Form Files</Filter>
    </QtUic>
    <QtUic Include="KuaiSuDanDaoWidget.ui">
      <Filter>Form Files</Filter>
    </QtUic>
    <QtUic Include="ShiShiDanDaoWidget.ui">
      <Filter>Form Files</Filter>
    </QtUic>
    <QtUic Include="AnQuanBianJieWidget.ui">
      <Filter>Form Files</Filter>
    </QtUic>
    <QtUic Include="DanDaoShuWidget.ui">
      <Filter>Form Files</Filter>
    </QtUic>
    <QtUic Include="QIDongShuJuWidget.ui">
      <Filter>Form Files</Filter>
    </QtUic>
  </ItemGroup>
  <ItemGroup>
    <QtRcc Include="SwitchWidgetCase.qrc">
      <Filter>Resource Files</Filter>
    </QtRcc>
  </ItemGroup>
</Project>